// !$*UTF8*$!
{
	archiveVersion = 1;
	classes = {
	};
	objectVersion = 50;
	objects = {

/* Begin PBXBuildFile section */
		11865DDD22A8B82700C37331 /* Action.js in Resources */ = {isa = PBXBuildFile; fileRef = 11865DDC22A8B82700C37331 /* Action.js */; };
		11FD8C0722A7281C00C92856 /* AppDelegate.swift in Sources */ = {isa = PBXBuildFile; fileRef = 11FD8C0622A7281C00C92856 /* AppDelegate.swift */; };
		11FD8C0922A7281C00C92856 /* ViewController.swift in Sources */ = {isa = PBXBuildFile; fileRef = 11FD8C0822A7281C00C92856 /* ViewController.swift */; };
		11FD8C0C22A7281C00C92856 /* Main.storyboard in Resources */ = {isa = PBXBuildFile; fileRef = 11FD8C0A22A7281C00C92856 /* Main.storyboard */; };
		11FD8C0E22A7281D00C92856 /* Assets.xcassets in Resources */ = {isa = PBXBuildFile; fileRef = 11FD8C0D22A7281D00C92856 /* Assets.xcassets */; };
		11FD8C1122A7281D00C92856 /* LaunchScreen.storyboard in Resources */ = {isa = PBXBuildFile; fileRef = 11FD8C0F22A7281D00C92856 /* LaunchScreen.storyboard */; };
		11FD8C2122A7297E00C92856 /* ActionViewController.swift in Sources */ = {isa = PBXBuildFile; fileRef = 11FD8C2022A7297E00C92856 /* ActionViewController.swift */; };
		11FD8C2422A7297E00C92856 /* MainInterface.storyboard in Resources */ = {isa = PBXBuildFile; fileRef = 11FD8C2222A7297E00C92856 /* MainInterface.storyboard */; };
		11FD8C2822A7297E00C92856 /* Extension.appex in Embed App Extensions */ = {isa = PBXBuildFile; fileRef = 11FD8C1C22A7297E00C92856 /* Extension.appex */; settings = {ATTRIBUTES = (RemoveHeadersOnCopy, ); }; };
/* End PBXBuildFile section */

/* Begin PBXContainerItemProxy section */
		11FD8C2622A7297E00C92856 /* PBXContainerItemProxy */ = {
			isa = PBXContainerItemProxy;
			containerPortal = 11FD8BFB22A7281C00C92856 /* Project object */;
			proxyType = 1;
			remoteGlobalIDString = 11FD8C1B22A7297E00C92856;
			remoteInfo = Extension;
		};
/* End PBXContainerItemProxy section */

/* Begin PBXCopyFilesBuildPhase section */
		11FD8C2C22A7297E00C92856 /* Embed App Extensions */ = {
			isa = PBXCopyFilesBuildPhase;
			buildActionMask = 2147483647;
			dstPath = "";
			dstSubfolderSpec = 13;
			files = (
				11FD8C2822A7297E00C92856 /* Extension.appex in Embed App Extensions */,
			);
			name = "Embed App Extensions";
			runOnlyForDeploymentPostprocessing = 0;
		};
/* End PBXCopyFilesBuildPhase section */

/* Begin PBXFileReference section */
		11865DDC22A8B82700C37331 /* Action.js */ = {isa = PBXFileReference; lastKnownFileType = sourcecode.javascript; path = Action.js; sourceTree = "<group>"; };
		11FD8C0322A7281C00C92856 /* Safari extension.app */ = {isa = PBXFileReference; explicitFileType = wrapper.application; includeInIndex = 0; path = "Safari extension.app"; sourceTree = BUILT_PRODUCTS_DIR; };
		11FD8C0622A7281C00C92856 /* AppDelegate.swift */ = {isa = PBXFileReference; lastKnownFileType = sourcecode.swift; path = AppDelegate.swift; sourceTree = "<group>"; };
		11FD8C0822A7281C00C92856 /* ViewController.swift */ = {isa = PBXFileReference; lastKnownFileType = sourcecode.swift; path = ViewController.swift; sourceTree = "<group>"; };
		11FD8C0B22A7281C00C92856 /* Base */ = {isa = PBXFileReference; lastKnownFileType = file.storyboard; name = Base; path = Base.lproj/Main.storyboard; sourceTree = "<group>"; };
		11FD8C0D22A7281D00C92856 /* Assets.xcassets */ = {isa = PBXFileReference; lastKnownFileType = folder.assetcatalog; path = Assets.xcassets; sourceTree = "<group>"; };
		11FD8C1022A7281D00C92856 /* Base */ = {isa = PBXFileReference; lastKnownFileType = file.storyboard; name = Base; path = Base.lproj/LaunchScreen.storyboard; sourceTree = "<group>"; };
		11FD8C1222A7281D00C92856 /* Info.plist */ = {isa = PBXFileReference; lastKnownFileType = text.plist.xml; path = Info.plist; sourceTree = "<group>"; };
		11FD8C1C22A7297E00C92856 /* Extension.appex */ = {isa = PBXFileReference; explicitFileType = "wrapper.app-extension"; includeInIndex = 0; path = Extension.appex; sourceTree = BUILT_PRODUCTS_DIR; };
		11FD8C2022A7297E00C92856 /* ActionViewController.swift */ = {isa = PBXFileReference; lastKnownFileType = sourcecode.swift; path = ActionViewController.swift; sourceTree = "<group>"; };
		11FD8C2322A7297E00C92856 /* Base */ = {isa = PBXFileReference; lastKnownFileType = file.storyboard; name = Base; path = Base.lproj/MainInterface.storyboard; sourceTree = "<group>"; };
		11FD8C2522A7297E00C92856 /* Info.plist */ = {isa = PBXFileReference; lastKnownFileType = text.plist.xml; path = Info.plist; sourceTree = "<group>"; };
/* End PBXFileReference section */

/* Begin PBXFrameworksBuildPhase section */
		11FD8C0022A7281C00C92856 /* Frameworks */ = {
			isa = PBXFrameworksBuildPhase;
			buildActionMask = 2147483647;
			files = (
			);
			runOnlyForDeploymentPostprocessing = 0;
		};
		11FD8C1922A7297E00C92856 /* Frameworks */ = {
			isa = PBXFrameworksBuildPhase;
			buildActionMask = 2147483647;
			files = (
			);
			runOnlyForDeploymentPostprocessing = 0;
		};
/* End PBXFrameworksBuildPhase section */

/* Begin PBXGroup section */
		11FD8BFA22A7281C00C92856 = {
			isa = PBXGroup;
			children = (
				11FD8C0522A7281C00C92856 /* Safari extension */,
				11FD8C1D22A7297E00C92856 /* Extension */,
				11FD8C0422A7281C00C92856 /* Products */,
			);
			sourceTree = "<group>";
		};
		11FD8C0422A7281C00C92856 /* Products */ = {
			isa = PBXGroup;
			children = (
				11FD8C0322A7281C00C92856 /* Safari extension.app */,
				11FD8C1C22A7297E00C92856 /* Extension.appex */,
			);
			name = Products;
			sourceTree = "<group>";
		};
		11FD8C0522A7281C00C92856 /* Safari extension */ = {
			isa = PBXGroup;
			children = (
				11FD8C0622A7281C00C92856 /* AppDelegate.swift */,
				11FD8C0822A7281C00C92856 /* ViewController.swift */,
				11FD8C0A22A7281C00C92856 /* Main.storyboard */,
				11FD8C0D22A7281D00C92856 /* Assets.xcassets */,
				11FD8C0F22A7281D00C92856 /* LaunchScreen.storyboard */,
				11FD8C1222A7281D00C92856 /* Info.plist */,
			);
			path = "Safari extension";
			sourceTree = "<group>";
		};
		11FD8C1D22A7297E00C92856 /* Extension */ = {
			isa = PBXGroup;
			children = (
				11FD8C2022A7297E00C92856 /* ActionViewController.swift */,
				11FD8C2222A7297E00C92856 /* MainInterface.storyboard */,
				11FD8C2522A7297E00C92856 /* Info.plist */,
				11865DDC22A8B82700C37331 /* Action.js */,
			);
			path = Extension;
			sourceTree = "<group>";
		};
/* End PBXGroup section */

/* Begin PBXNativeTarget section */
		11FD8C0222A7281C00C92856 /* Safari extension */ = {
			isa = PBXNativeTarget;
			buildConfigurationList = 11FD8C1522A7281D00C92856 /* Build configuration list for PBXNativeTarget "Safari extension" */;
			buildPhases = (
				11FD8BFF22A7281C00C92856 /* Sources */,
				11FD8C0022A7281C00C92856 /* Frameworks */,
				11FD8C0122A7281C00C92856 /* Resources */,
				11FD8C2C22A7297E00C92856 /* Embed App Extensions */,
			);
			buildRules = (
			);
			dependencies = (
				11FD8C2722A7297E00C92856 /* PBXTargetDependency */,
			);
			name = "Safari extension";
			productName = "Safari extension";
			productReference = 11FD8C0322A7281C00C92856 /* Safari extension.app */;
			productType = "com.apple.product-type.application";
		};
		11FD8C1B22A7297E00C92856 /* Extension */ = {
			isa = PBXNativeTarget;
			buildConfigurationList = 11FD8C2922A7297E00C92856 /* Build configuration list for PBXNativeTarget "Extension" */;
			buildPhases = (
				11FD8C1822A7297E00C92856 /* Sources */,
				11FD8C1922A7297E00C92856 /* Frameworks */,
				11FD8C1A22A7297E00C92856 /* Resources */,
			);
			buildRules = (
			);
			dependencies = (
			);
			name = Extension;
			productName = Extension;
			productReference = 11FD8C1C22A7297E00C92856 /* Extension.appex */;
			productType = "com.apple.product-type.app-extension";
		};
/* End PBXNativeTarget section */

/* Begin PBXProject section */
		11FD8BFB22A7281C00C92856 /* Project object */ = {
			isa = PBXProject;
			attributes = {
				LastSwiftUpdateCheck = 1010;
				LastUpgradeCheck = 1010;
				ORGANIZATIONNAME = Dictality;
				TargetAttributes = {
					11FD8C0222A7281C00C92856 = {
						CreatedOnToolsVersion = 10.1;
						LastSwiftMigration = 1020;
					};
					11FD8C1B22A7297E00C92856 = {
						CreatedOnToolsVersion = 10.1;
					};
				};
			};
			buildConfigurationList = 11FD8BFE22A7281C00C92856 /* Build configuration list for PBXProject "Safari extension" */;
			compatibilityVersion = "Xcode 9.3";
			developmentRegion = en;
			hasScannedForEncodings = 0;
			knownRegions = (
				en,
				Base,
			);
			mainGroup = 11FD8BFA22A7281C00C92856;
			productRefGroup = 11FD8C0422A7281C00C92856 /* Products */;
			projectDirPath = "";
			projectRoot = "";
			targets = (
				11FD8C0222A7281C00C92856 /* Safari extension */,
				11FD8C1B22A7297E00C92856 /* Extension */,
			);
		};
/* End PBXProject section */

/* Begin PBXResourcesBuildPhase section */
		11FD8C0122A7281C00C92856 /* Resources */ = {
			isa = PBXResourcesBuildPhase;
			buildActionMask = 2147483647;
			files = (
				11FD8C1122A7281D00C92856 /* LaunchScreen.storyboard in Resources */,
				11FD8C0E22A7281D00C92856 /* Assets.xcassets in Resources */,
				11FD8C0C22A7281C00C92856 /* Main.storyboard in Resources */,
			);
			runOnlyForDeploymentPostprocessing = 0;
		};
		11FD8C1A22A7297E00C92856 /* Resources */ = {
			isa = PBXResourcesBuildPhase;
			buildActionMask = 2147483647;
			files = (
				11865DDD22A8B82700C37331 /* Action.js in Resources */,
				11FD8C2422A7297E00C92856 /* MainInterface.storyboard in Resources */,
			);
			runOnlyForDeploymentPostprocessing = 0;
		};
/* End PBXResourcesBuildPhase section */

/* Begin PBXSourcesBuildPhase section */
		11FD8BFF22A7281C00C92856 /* Sources */ = {
			isa = PBXSourcesBuildPhase;
			buildActionMask = 2147483647;
			files = (
				11FD8C0922A7281C00C92856 /* ViewController.swift in Sources */,
				11FD8C0722A7281C00C92856 /* AppDelegate.swift in Sources */,
			);
			runOnlyForDeploymentPostprocessing = 0;
		};
		11FD8C1822A7297E00C92856 /* Sources */ = {
			isa = PBXSourcesBuildPhase;
			buildActionMask = 2147483647;
			files = (
				11FD8C2122A7297E00C92856 /* ActionViewController.swift in Sources */,
			);
			runOnlyForDeploymentPostprocessing = 0;
		};
/* End PBXSourcesBuildPhase section */

/* Begin PBXTargetDependency section */
		11FD8C2722A7297E00C92856 /* PBXTargetDependency */ = {
			isa = PBXTargetDependency;
			target = 11FD8C1B22A7297E00C92856 /* Extension */;
			targetProxy = 11FD8C2622A7297E00C92856 /* PBXContainerItemProxy */;
		};
/* End PBXTargetDependency section */

/* Begin PBXVariantGroup section */
		11FD8C0A22A7281C00C92856 /* Main.storyboard */ = {
			isa = PBXVariantGroup;
			children = (
				11FD8C0B22A7281C00C92856 /* Base */,
			);
			name = Main.storyboard;
			sourceTree = "<group>";
		};
		11FD8C0F22A7281D00C92856 /* LaunchScreen.storyboard */ = {
			isa = PBXVariantGroup;
			children = (
				11FD8C1022A7281D00C92856 /* Base */,
			);
			name = LaunchScreen.storyboard;
			sourceTree = "<group>";
		};
		11FD8C2222A7297E00C92856 /* MainInterface.storyboard */ = {
			isa = PBXVariantGroup;
			children = (
				11FD8C2322A7297E00C92856 /* Base */,
			);
			name = MainInterface.storyboard;
			sourceTree = "<group>";
		};
/* End PBXVariantGroup section */

/* Begin XCBuildConfiguration section */
		11FD8C1322A7281D00C92856 /* Debug */ = {
			isa = XCBuildConfiguration;
			buildSettings = {
				ALWAYS_SEARCH_USER_PATHS = NO;
				CLANG_ANALYZER_NONNULL = YES;
				CLANG_ANALYZER_NUMBER_OBJECT_CONVERSION = YES_AGGRESSIVE;
				CLANG_CXX_LANGUAGE_STANDARD = "gnu++14";
				CLANG_CXX_LIBRARY = "libc++";
				CLANG_ENABLE_MODULES = YES;
				CLANG_ENABLE_OBJC_ARC = YES;
				CLANG_ENABLE_OBJC_WEAK = YES;
				CLANG_WARN_BLOCK_CAPTURE_AUTORELEASING = YES;
				CLANG_WARN_BOOL_CONVERSION = YES;
				CLANG_WARN_COMMA = YES;
				CLANG_WARN_CONSTANT_CONVERSION = YES;
				CLANG_WARN_DEPRECATED_OBJC_IMPLEMENTATIONS = YES;
				CLANG_WARN_DIRECT_OBJC_ISA_USAGE = YES_ERROR;
				CLANG_WARN_DOCUMENTATION_COMMENTS = YES;
				CLANG_WARN_EMPTY_BODY = YES;
				CLANG_WARN_ENUM_CONVERSION = YES;
				CLANG_WARN_INFINITE_RECURSION = YES;
				CLANG_WARN_INT_CONVERSION = YES;
				CLANG_WARN_NON_LITERAL_NULL_CONVERSION = YES;
				CLANG_WARN_OBJC_IMPLICIT_RETAIN_SELF = YES;
				CLANG_WARN_OBJC_LITERAL_CONVERSION = YES;
				CLANG_WARN_OBJC_ROOT_CLASS = YES_ERROR;
				CLANG_WARN_RANGE_LOOP_ANALYSIS = YES;
				CLANG_WARN_STRICT_PROTOTYPES = YES;
				CLANG_WARN_SUSPICIOUS_MOVE = YES;
				CLANG_WARN_UNGUARDED_AVAILABILITY = YES_AGGRESSIVE;
				CLANG_WARN_UNREACHABLE_CODE = YES;
				CLANG_WARN__DUPLICATE_METHOD_MATCH = YES;
				CODE_SIGN_IDENTITY = "iPhone Developer";
				COPY_PHASE_STRIP = NO;
				DEBUG_INFORMATION_FORMAT = dwarf;
				ENABLE_STRICT_OBJC_MSGSEND = YES;
				ENABLE_TESTABILITY = YES;
				GCC_C_LANGUAGE_STANDARD = gnu11;
				GCC_DYNAMIC_NO_PIC = NO;
				GCC_NO_COMMON_BLOCKS = YES;
				GCC_OPTIMIZATION_LEVEL = 0;
				GCC_PREPROCESSOR_DEFINITIONS = (
					"DEBUG=1",
					"$(inherited)",
				);
				GCC_WARN_64_TO_32_BIT_CONVERSION = YES;
				GCC_WARN_ABOUT_RETURN_TYPE = YES_ERROR;
				GCC_WARN_UNDECLARED_SELECTOR = YES;
				GCC_WARN_UNINITIALIZED_AUTOS = YES_AGGRESSIVE;
				GCC_WARN_UNUSED_FUNCTION = YES;
				GCC_WARN_UNUSED_VARIABLE = YES;
				IPHONEOS_DEPLOYMENT_TARGET = 12.1;
				MTL_ENABLE_DEBUG_INFO = INCLUDE_SOURCE;
				MTL_FAST_MATH = YES;
				ONLY_ACTIVE_ARCH = YES;
				SDKROOT = iphoneos;
				SWIFT_ACTIVE_COMPILATION_CONDITIONS = DEBUG;
				SWIFT_OPTIMIZATION_LEVEL = "-Onone";
			};
			name = Debug;
		};
		11FD8C1422A7281D00C92856 /* Release */ = {
			isa = XCBuildConfiguration;
			buildSettings = {
				ALWAYS_SEARCH_USER_PATHS = NO;
				CLANG_ANALYZER_NONNULL = YES;
				CLANG_ANALYZER_NUMBER_OBJECT_CONVERSION = YES_AGGRESSIVE;
				CLANG_CXX_LANGUAGE_STANDARD = "gnu++14";
				CLANG_CXX_LIBRARY = "libc++";
				CLANG_ENABLE_MODULES = YES;
				CLANG_ENABLE_OBJC_ARC = YES;
				CLANG_ENABLE_OBJC_WEAK = YES;
				CLANG_WARN_BLOCK_CAPTURE_AUTORELEASING = YES;
				CLANG_WARN_BOOL_CONVERSION = YES;
				CLANG_WARN_COMMA = YES;
				CLANG_WARN_CONSTANT_CONVERSION = YES;
				CLANG_WARN_DEPRECATED_OBJC_IMPLEMENTATIONS = YES;
				CLANG_WARN_DIRECT_OBJC_ISA_USAGE = YES_ERROR;
				CLANG_WARN_DOCUMENTATION_COMMENTS = YES;
				CLANG_WARN_EMPTY_BODY = YES;
				CLANG_WARN_ENUM_CONVERSION = YES;
				CLANG_WARN_INFINITE_RECURSION = YES;
				CLANG_WARN_INT_CONVERSION = YES;
				CLANG_WARN_NON_LITERAL_NULL_CONVERSION = YES;
				CLANG_WARN_OBJC_IMPLICIT_RETAIN_SELF = YES;
				CLANG_WARN_OBJC_LITERAL_CONVERSION = YES;
				CLANG_WARN_OBJC_ROOT_CLASS = YES_ERROR;
				CLANG_WARN_RANGE_LOOP_ANALYSIS = YES;
				CLANG_WARN_STRICT_PROTOTYPES = YES;
				CLANG_WARN_SUSPICIOUS_MOVE = YES;
				CLANG_WARN_UNGUARDED_AVAILABILITY = YES_AGGRESSIVE;
				CLANG_WARN_UNREACHABLE_CODE = YES;
				CLANG_WARN__DUPLICATE_METHOD_MATCH = YES;
				CODE_SIGN_IDENTITY = "iPhone Developer";
				COPY_PHASE_STRIP = NO;
				DEBUG_INFORMATION_FORMAT = "dwarf-with-dsym";
				ENABLE_NS_ASSERTIONS = NO;
				ENABLE_STRICT_OBJC_MSGSEND = YES;
				GCC_C_LANGUAGE_STANDARD = gnu11;
				GCC_NO_COMMON_BLOCKS = YES;
				GCC_WARN_64_TO_32_BIT_CONVERSION = YES;
				GCC_WARN_ABOUT_RETURN_TYPE = YES_ERROR;
				GCC_WARN_UNDECLARED_SELECTOR = YES;
				GCC_WARN_UNINITIALIZED_AUTOS = YES_AGGRESSIVE;
				GCC_WARN_UNUSED_FUNCTION = YES;
				GCC_WARN_UNUSED_VARIABLE = YES;
				IPHONEOS_DEPLOYMENT_TARGET = 12.1;
				MTL_ENABLE_DEBUG_INFO = NO;
				MTL_FAST_MATH = YES;
				SDKROOT = iphoneos;
				SWIFT_COMPILATION_MODE = wholemodule;
				SWIFT_OPTIMIZATION_LEVEL = "-O";
				VALIDATE_PRODUCT = YES;
			};
			name = Release;
		};
		11FD8C1622A7281D00C92856 /* Debug */ = {
			isa = XCBuildConfiguration;
			buildSettings = {
				ALWAYS_EMBED_SWIFT_STANDARD_LIBRARIES = YES;
				ASSETCATALOG_COMPILER_APPICON_NAME = AppIcon;
				CODE_SIGN_STYLE = Automatic;
				DEVELOPMENT_TEAM = 47Q8277ZWW;
				INFOPLIST_FILE = "Safari extension/Info.plist";
				LD_RUNPATH_SEARCH_PATHS = (
					"$(inherited)",
					"@executable_path/Frameworks",
				);
				PRODUCT_BUNDLE_IDENTIFIER = "com.dictality.Safari-extension";
				PRODUCT_NAME = "$(TARGET_NAME)";
				SWIFT_VERSION = 5.0;
				TARGETED_DEVICE_FAMILY = "1,2";
			};
			name = Debug;
		};
		11FD8C1722A7281D00C92856 /* Release */ = {
			isa = XCBuildConfiguration;
			buildSettings = {
				ALWAYS_EMBED_SWIFT_STANDARD_LIBRARIES = YES;
				ASSETCATALOG_COMPILER_APPICON_NAME = AppIcon;
				CODE_SIGN_STYLE = Automatic;
				DEVELOPMENT_TEAM = 47Q8277ZWW;
				INFOPLIST_FILE = "Safari extension/Info.plist";
				LD_RUNPATH_SEARCH_PATHS = (
					"$(inherited)",
					"@executable_path/Frameworks",
				);
				PRODUCT_BUNDLE_IDENTIFIER = "com.dictality.Safari-extension";
				PRODUCT_NAME = "$(TARGET_NAME)";
				SWIFT_VERSION = 5.0;
				TARGETED_DEVICE_FAMILY = "1,2";
			};
			name = Release;
		};
		11FD8C2A22A7297E00C92856 /* Debug */ = {
			isa = XCBuildConfiguration;
			buildSettings = {
				CODE_SIGN_STYLE = Automatic;
				DEVELOPMENT_TEAM = 47Q8277ZWW;
				INFOPLIST_FILE = Extension/Info.plist;
				LD_RUNPATH_SEARCH_PATHS = (
					"$(inherited)",
					"@executable_path/Frameworks",
					"@executable_path/../../Frameworks",
				);
				PRODUCT_BUNDLE_IDENTIFIER = "com.dictality.Safari-extension.Extension";
				PRODUCT_NAME = "$(TARGET_NAME)";
				SKIP_INSTALL = YES;
				SWIFT_VERSION = 5.0;
				TARGETED_DEVICE_FAMILY = "1,2";
			};
			name = Debug;
		};
		11FD8C2B22A7297E00C92856 /* Release */ = {
			isa = XCBuildConfiguration;
			buildSettings = {
				CODE_SIGN_STYLE = Automatic;
				DEVELOPMENT_TEAM = 47Q8277ZWW;
				INFOPLIST_FILE = Extension/Info.plist;
				LD_RUNPATH_SEARCH_PATHS = (
					"$(inherited)",
					"@executable_path/Frameworks",
					"@executable_path/../../Frameworks",
				);
				PRODUCT_BUNDLE_IDENTIFIER = "com.dictality.Safari-extension.Extension";
				PRODUCT_NAME = "$(TARGET_NAME)";
				SKIP_INSTALL = YES;
				SWIFT_VERSION = 5.0;
				TARGETED_DEVICE_FAMILY = "1,2";
			};
			name = Release;
		};
/* End XCBuildConfiguration section */

/* Begin XCConfigurationList section */
		11FD8BFE22A7281C00C92856 /* Build configuration list for PBXProject "Safari extension" */ = {
			isa = XCConfigurationList;
			buildConfigurations = (
				11FD8C1322A7281D00C92856 /* Debug */,
				11FD8C1422A7281D00C92856 /* Release */,
			);
			defaultConfigurationIsVisible = 0;
			defaultConfigurationName = Release;
		};
		11FD8C1522A7281D00C92856 /* Build configuration list for PBXNativeTarget "Safari extension" */ = {
			isa = XCConfigurationList;
			buildConfigurations = (
				11FD8C1622A7281D00C92856 /* Debug */,
				11FD8C1722A7281D00C92856 /* Release */,
			);
			defaultConfigurationIsVisible = 0;
			defaultConfigurationName = Release;
		};
		11FD8C2922A7297E00C92856 /* Build configuration list for PBXNativeTarget "Extension" */ = {
			isa = XCConfigurationList;
			buildConfigurations = (
				11FD8C2A22A7297E00C92856 /* Debug */,
				11FD8C2B22A7297E00C92856 /* Release */,
			);
			defaultConfigurationIsVisible = 0;
			defaultConfigurationName = Release;
		};
/* End XCConfigurationList section */
	};
	rootObject = 11FD8BFB22A7281C00C92856 /* Project object */;
}
