// !$*UTF8*$!
{
	archiveVersion = 1;
	classes = {
	};
	objectVersion = 50;
	objects = {

/* Begin PBXBuildFile section */
		3F07A7262275227D00F79861 /* AppDelegate.swift in Sources */ = {isa = PBXBuildFile; fileRef = 3F07A7252275227D00F79861 /* AppDelegate.swift */; };
		3F07A7282275227D00F79861 /* ViewController.swift in Sources */ = {isa = PBXBuildFile; fileRef = 3F07A7272275227D00F79861 /* ViewController.swift */; };
		3F07A72B2275227D00F79861 /* Main.storyboard in Resources */ = {isa = PBXBuildFile; fileRef = 3F07A7292275227D00F79861 /* Main.storyboard */; };
		3F07A72D2275227E00F79861 /* Assets.xcassets in Resources */ = {isa = PBXBuildFile; fileRef = 3F07A72C2275227E00F79861 /* Assets.xcassets */; };
		3F07A7302275227E00F79861 /* LaunchScreen.storyboard in Resources */ = {isa = PBXBuildFile; fileRef = 3F07A72E2275227E00F79861 /* LaunchScreen.storyboard */; };
		3F07A7382275230C00F79861 /* Thing.swift in Sources */ = {isa = PBXBuildFile; fileRef = 3F07A7372275230C00F79861 /* Thing.swift */; };
		3F07A73A227523A700F79861 /* ThingCell.swift in Sources */ = {isa = PBXBuildFile; fileRef = 3F07A739227523A700F79861 /* ThingCell.swift */; };
		3F25C0CE227A28BE0055F590 /* DetailViewController.swift in Sources */ = {isa = PBXBuildFile; fileRef = 3F25C0CD227A28BE0055F590 /* DetailViewController.swift */; };
		3F25C0D0227A48710055F590 /* HelperFuncs.swift in Sources */ = {isa = PBXBuildFile; fileRef = 3F25C0CF227A48710055F590 /* HelperFuncs.swift */; };
		3F25C0D2227AB17A0055F590 /* UIView+Extension.swift in Sources */ = {isa = PBXBuildFile; fileRef = 3F25C0D1227AB17A0055F590 /* UIView+Extension.swift */; };
/* End PBXBuildFile section */

/* Begin PBXFileReference section */
		3F07A7222275227D00F79861 /* FavouriteThings.app */ = {isa = PBXFileReference; explicitFileType = wrapper.application; includeInIndex = 0; path = FavouriteThings.app; sourceTree = BUILT_PRODUCTS_DIR; };
		3F07A7252275227D00F79861 /* AppDelegate.swift */ = {isa = PBXFileReference; lastKnownFileType = sourcecode.swift; path = AppDelegate.swift; sourceTree = "<group>"; };
		3F07A7272275227D00F79861 /* ViewController.swift */ = {isa = PBXFileReference; lastKnownFileType = sourcecode.swift; path = ViewController.swift; sourceTree = "<group>"; };
		3F07A72A2275227D00F79861 /* Base */ = {isa = PBXFileReference; lastKnownFileType = file.storyboard; name = Base; path = Base.lproj/Main.storyboard; sourceTree = "<group>"; };
		3F07A72C2275227E00F79861 /* Assets.xcassets */ = {isa = PBXFileReference; lastKnownFileType = folder.assetcatalog; path = Assets.xcassets; sourceTree = "<group>"; };
		3F07A72F2275227E00F79861 /* Base */ = {isa = PBXFileReference; lastKnownFileType = file.storyboard; name = Base; path = Base.lproj/LaunchScreen.storyboard; sourceTree = "<group>"; };
		3F07A7312275227E00F79861 /* Info.plist */ = {isa = PBXFileReference; lastKnownFileType = text.plist.xml; path = Info.plist; sourceTree = "<group>"; };
		3F07A7372275230C00F79861 /* Thing.swift */ = {isa = PBXFileReference; lastKnownFileType = sourcecode.swift; path = Thing.swift; sourceTree = "<group>"; };
		3F07A739227523A700F79861 /* ThingCell.swift */ = {isa = PBXFileReference; lastKnownFileType = sourcecode.swift; path = ThingCell.swift; sourceTree = "<group>"; };
		3F25C0CD227A28BE0055F590 /* DetailViewController.swift */ = {isa = PBXFileReference; lastKnownFileType = sourcecode.swift; path = DetailViewController.swift; sourceTree = "<group>"; };
		3F25C0CF227A48710055F590 /* HelperFuncs.swift */ = {isa = PBXFileReference; lastKnownFileType = sourcecode.swift; path = HelperFuncs.swift; sourceTree = "<group>"; };
		3F25C0D1227AB17A0055F590 /* UIView+Extension.swift */ = {isa = PBXFileReference; lastKnownFileType = sourcecode.swift; path = "UIView+Extension.swift"; sourceTree = "<group>"; };
/* End PBXFileReference section */

/* Begin PBXFrameworksBuildPhase section */
		3F07A71F2275227D00F79861 /* Frameworks */ = {
			isa = PBXFrameworksBuildPhase;
			buildActionMask = 2147483647;
			files = (
			);
			runOnlyForDeploymentPostprocessing = 0;
		};
/* End PBXFrameworksBuildPhase section */

/* Begin PBXGroup section */
		3F07A7192275227D00F79861 = {
			isa = PBXGroup;
			children = (
				3F07A7242275227D00F79861 /* FavouriteThings */,
				3F07A7232275227D00F79861 /* Products */,
			);
			sourceTree = "<group>";
		};
		3F07A7232275227D00F79861 /* Products */ = {
			isa = PBXGroup;
			children = (
				3F07A7222275227D00F79861 /* FavouriteThings.app */,
			);
			name = Products;
			sourceTree = "<group>";
		};
		3F07A7242275227D00F79861 /* FavouriteThings */ = {
			isa = PBXGroup;
			children = (
				3F07A7252275227D00F79861 /* AppDelegate.swift */,
				3F07A7272275227D00F79861 /* ViewController.swift */,
				3F25C0CD227A28BE0055F590 /* DetailViewController.swift */,
				3F25C0CF227A48710055F590 /* HelperFuncs.swift */,
				3F07A7372275230C00F79861 /* Thing.swift */,
				3F07A739227523A700F79861 /* ThingCell.swift */,
				3F25C0D1227AB17A0055F590 /* UIView+Extension.swift */,
				3F07A7292275227D00F79861 /* Main.storyboard */,
				3F07A72C2275227E00F79861 /* Assets.xcassets */,
				3F07A72E2275227E00F79861 /* LaunchScreen.storyboard */,
				3F07A7312275227E00F79861 /* Info.plist */,
			);
			path = FavouriteThings;
			sourceTree = "<group>";
		};
/* End PBXGroup section */

/* Begin PBXNativeTarget section */
		3F07A7212275227D00F79861 /* FavouriteThings */ = {
			isa = PBXNativeTarget;
			buildConfigurationList = 3F07A7342275227E00F79861 /* Build configuration list for PBXNativeTarget "FavouriteThings" */;
			buildPhases = (
				3F07A71E2275227D00F79861 /* Sources */,
				3F07A71F2275227D00F79861 /* Frameworks */,
				3F07A7202275227D00F79861 /* Resources */,
			);
			buildRules = (
			);
			dependencies = (
			);
			name = FavouriteThings;
			productName = FavouriteThings;
			productReference = 3F07A7222275227D00F79861 /* FavouriteThings.app */;
			productType = "com.apple.product-type.application";
		};
/* End PBXNativeTarget section */

/* Begin PBXProject section */
		3F07A71A2275227D00F79861 /* Project object */ = {
			isa = PBXProject;
			attributes = {
				LastSwiftUpdateCheck = 1020;
				LastUpgradeCheck = 1020;
				ORGANIZATIONNAME = "Alexander Kazakov";
				TargetAttributes = {
					3F07A7212275227D00F79861 = {
						CreatedOnToolsVersion = 10.2;
					};
				};
			};
			buildConfigurationList = 3F07A71D2275227D00F79861 /* Build configuration list for PBXProject "FavouriteThings" */;
			compatibilityVersion = "Xcode 9.3";
			developmentRegion = en;
			hasScannedForEncodings = 0;
			knownRegions = (
				en,
				Base,
			);
			mainGroup = 3F07A7192275227D00F79861;
			productRefGroup = 3F07A7232275227D00F79861 /* Products */;
			projectDirPath = "";
			projectRoot = "";
			targets = (
				3F07A7212275227D00F79861 /* FavouriteThings */,
			);
		};
/* End PBXProject section */

/* Begin PBXResourcesBuildPhase section */
		3F07A7202275227D00F79861 /* Resources */ = {
			isa = PBXResourcesBuildPhase;
			buildActionMask = 2147483647;
			files = (
				3F07A7302275227E00F79861 /* LaunchScreen.storyboard in Resources */,
				3F07A72D2275227E00F79861 /* Assets.xcassets in Resources */,
				3F07A72B2275227D00F79861 /* Main.storyboard in Resources */,
			);
			runOnlyForDeploymentPostprocessing = 0;
		};
/* End PBXResourcesBuildPhase section */

/* Begin PBXSourcesBuildPhase section */
		3F07A71E2275227D00F79861 /* Sources */ = {
			isa = PBXSourcesBuildPhase;
			buildActionMask = 2147483647;
			files = (
				3F07A7282275227D00F79861 /* ViewController.swift in Sources */,
				3F25C0D2227AB17A0055F590 /* UIView+Extension.swift in Sources */,
				3F25C0D0227A48710055F590 /* HelperFuncs.swift in Sources */,
				3F07A7382275230C00F79861 /* Thing.swift in Sources */,
				3F25C0CE227A28BE0055F590 /* DetailViewController.swift in Sources */,
				3F07A7262275227D00F79861 /* AppDelegate.swift in Sources */,
				3F07A73A227523A700F79861 /* ThingCell.swift in Sources */,
			);
			runOnlyForDeploymentPostprocessing = 0;
		};
/* End PBXSourcesBuildPhase section */

/* Begin PBXVariantGroup section */
		3F07A7292275227D00F79861 /* Main.storyboard */ = {
			isa = PBXVariantGroup;
			children = (
				3F07A72A2275227D00F79861 /* Base */,
			);
			name = Main.storyboard;
			sourceTree = "<group>";
		};
		3F07A72E2275227E00F79861 /* LaunchScreen.storyboard */ = {
			isa = PBXVariantGroup;
			children = (
				3F07A72F2275227E00F79861 /* Base */,
			);
			name = LaunchScreen.storyboard;
			sourceTree = "<group>";
		};
/* End PBXVariantGroup section */

/* Begin XCBuildConfiguration section */
		3F07A7322275227E00F79861 /* Debug */ = {
			isa = XCBuildConfiguration;
			buildSettings = {
				ALWAYS_SEARCH_USER_PATHS = NO;
				CLANG_ANALYZER_NONNULL = YES;
				CLANG_ANALYZER_NUMBER_OBJECT_CONVERSION = YES_AGGRESSIVE;
				CLANG_CXX_LANGUAGE_STANDARD = "gnu++14";
				CLANG_CXX_LIBRARY = "libc++";
				CLANG_ENABLE_MODULES = YES;
				CLANG_ENABLE_OBJC_ARC = YES;
				CLANG_ENABLE_OBJC_WEAK = YES;
				CLANG_WARN_BLOCK_CAPTURE_AUTORELEASING = YES;
				CLANG_WARN_BOOL_CONVERSION = YES;
				CLANG_WARN_COMMA = YES;
				CLANG_WARN_CONSTANT_CONVERSION = YES;
				CLANG_WARN_DEPRECATED_OBJC_IMPLEMENTATIONS = YES;
				CLANG_WARN_DIRECT_OBJC_ISA_USAGE = YES_ERROR;
				CLANG_WARN_DOCUMENTATION_COMMENTS = YES;
				CLANG_WARN_EMPTY_BODY = YES;
				CLANG_WARN_ENUM_CONVERSION = YES;
				CLANG_WARN_INFINITE_RECURSION = YES;
				CLANG_WARN_INT_CONVERSION = YES;
				CLANG_WARN_NON_LITERAL_NULL_CONVERSION = YES;
				CLANG_WARN_OBJC_IMPLICIT_RETAIN_SELF = YES;
				CLANG_WARN_OBJC_LITERAL_CONVERSION = YES;
				CLANG_WARN_OBJC_ROOT_CLASS = YES_ERROR;
				CLANG_WARN_RANGE_LOOP_ANALYSIS = YES;
				CLANG_WARN_STRICT_PROTOTYPES = YES;
				CLANG_WARN_SUSPICIOUS_MOVE = YES;
				CLANG_WARN_UNGUARDED_AVAILABILITY = YES_AGGRESSIVE;
				CLANG_WARN_UNREACHABLE_CODE = YES;
				CLANG_WARN__DUPLICATE_METHOD_MATCH = YES;
				CODE_SIGN_IDENTITY = "iPhone Developer";
				COPY_PHASE_STRIP = NO;
				DEBUG_INFORMATION_FORMAT = dwarf;
				ENABLE_STRICT_OBJC_MSGSEND = YES;
				ENABLE_TESTABILITY = YES;
				GCC_C_LANGUAGE_STANDARD = gnu11;
				GCC_DYNAMIC_NO_PIC = NO;
				GCC_NO_COMMON_BLOCKS = YES;
				GCC_OPTIMIZATION_LEVEL = 0;
				GCC_PREPROCESSOR_DEFINITIONS = (
					"DEBUG=1",
					"$(inherited)",
				);
				GCC_WARN_64_TO_32_BIT_CONVERSION = YES;
				GCC_WARN_ABOUT_RETURN_TYPE = YES_ERROR;
				GCC_WARN_UNDECLARED_SELECTOR = YES;
				GCC_WARN_UNINITIALIZED_AUTOS = YES_AGGRESSIVE;
				GCC_WARN_UNUSED_FUNCTION = YES;
				GCC_WARN_UNUSED_VARIABLE = YES;
				IPHONEOS_DEPLOYMENT_TARGET = 12.2;
				MTL_ENABLE_DEBUG_INFO = INCLUDE_SOURCE;
				MTL_FAST_MATH = YES;
				ONLY_ACTIVE_ARCH = YES;
				SDKROOT = iphoneos;
				SWIFT_ACTIVE_COMPILATION_CONDITIONS = DEBUG;
				SWIFT_OPTIMIZATION_LEVEL = "-Onone";
			};
			name = Debug;
		};
		3F07A7332275227E00F79861 /* Release */ = {
			isa = XCBuildConfiguration;
			buildSettings = {
				ALWAYS_SEARCH_USER_PATHS = NO;
				CLANG_ANALYZER_NONNULL = YES;
				CLANG_ANALYZER_NUMBER_OBJECT_CONVERSION = YES_AGGRESSIVE;
				CLANG_CXX_LANGUAGE_STANDARD = "gnu++14";
				CLANG_CXX_LIBRARY = "libc++";
				CLANG_ENABLE_MODULES = YES;
				CLANG_ENABLE_OBJC_ARC = YES;
				CLANG_ENABLE_OBJC_WEAK = YES;
				CLANG_WARN_BLOCK_CAPTURE_AUTORELEASING = YES;
				CLANG_WARN_BOOL_CONVERSION = YES;
				CLANG_WARN_COMMA = YES;
				CLANG_WARN_CONSTANT_CONVERSION = YES;
				CLANG_WARN_DEPRECATED_OBJC_IMPLEMENTATIONS = YES;
				CLANG_WARN_DIRECT_OBJC_ISA_USAGE = YES_ERROR;
				CLANG_WARN_DOCUMENTATION_COMMENTS = YES;
				CLANG_WARN_EMPTY_BODY = YES;
				CLANG_WARN_ENUM_CONVERSION = YES;
				CLANG_WARN_INFINITE_RECURSION = YES;
				CLANG_WARN_INT_CONVERSION = YES;
				CLANG_WARN_NON_LITERAL_NULL_CONVERSION = YES;
				CLANG_WARN_OBJC_IMPLICIT_RETAIN_SELF = YES;
				CLANG_WARN_OBJC_LITERAL_CONVERSION = YES;
				CLANG_WARN_OBJC_ROOT_CLASS = YES_ERROR;
				CLANG_WARN_RANGE_LOOP_ANALYSIS = YES;
				CLANG_WARN_STRICT_PROTOTYPES = YES;
				CLANG_WARN_SUSPICIOUS_MOVE = YES;
				CLANG_WARN_UNGUARDED_AVAILABILITY = YES_AGGRESSIVE;
				CLANG_WARN_UNREACHABLE_CODE = YES;
				CLANG_WARN__DUPLICATE_METHOD_MATCH = YES;
				CODE_SIGN_IDENTITY = "iPhone Developer";
				COPY_PHASE_STRIP = NO;
				DEBUG_INFORMATION_FORMAT = "dwarf-with-dsym";
				ENABLE_NS_ASSERTIONS = NO;
				ENABLE_STRICT_OBJC_MSGSEND = YES;
				GCC_C_LANGUAGE_STANDARD = gnu11;
				GCC_NO_COMMON_BLOCKS = YES;
				GCC_WARN_64_TO_32_BIT_CONVERSION = YES;
				GCC_WARN_ABOUT_RETURN_TYPE = YES_ERROR;
				GCC_WARN_UNDECLARED_SELECTOR = YES;
				GCC_WARN_UNINITIALIZED_AUTOS = YES_AGGRESSIVE;
				GCC_WARN_UNUSED_FUNCTION = YES;
				GCC_WARN_UNUSED_VARIABLE = YES;
				IPHONEOS_DEPLOYMENT_TARGET = 12.2;
				MTL_ENABLE_DEBUG_INFO = NO;
				MTL_FAST_MATH = YES;
				SDKROOT = iphoneos;
				SWIFT_COMPILATION_MODE = wholemodule;
				SWIFT_OPTIMIZATION_LEVEL = "-O";
				VALIDATE_PRODUCT = YES;
			};
			name = Release;
		};
		3F07A7352275227E00F79861 /* Debug */ = {
			isa = XCBuildConfiguration;
			buildSettings = {
				ASSETCATALOG_COMPILER_APPICON_NAME = AppIcon;
				CODE_SIGN_STYLE = Automatic;
				DEVELOPMENT_TEAM = 47Q8277ZWW;
				INFOPLIST_FILE = FavouriteThings/Info.plist;
				LD_RUNPATH_SEARCH_PATHS = (
					"$(inherited)",
					"@executable_path/Frameworks",
				);
				PRODUCT_BUNDLE_IDENTIFIER = com.dictality.FavouriteThings;
				PRODUCT_NAME = "$(TARGET_NAME)";
				SWIFT_VERSION = 5.0;
				TARGETED_DEVICE_FAMILY = "1,2";
			};
			name = Debug;
		};
		3F07A7362275227E00F79861 /* Release */ = {
			isa = XCBuildConfiguration;
			buildSettings = {
				ASSETCATALOG_COMPILER_APPICON_NAME = AppIcon;
				CODE_SIGN_STYLE = Automatic;
				DEVELOPMENT_TEAM = 47Q8277ZWW;
				INFOPLIST_FILE = FavouriteThings/Info.plist;
				LD_RUNPATH_SEARCH_PATHS = (
					"$(inherited)",
					"@executable_path/Frameworks",
				);
				PRODUCT_BUNDLE_IDENTIFIER = com.dictality.FavouriteThings;
				PRODUCT_NAME = "$(TARGET_NAME)";
				SWIFT_VERSION = 5.0;
				TARGETED_DEVICE_FAMILY = "1,2";
			};
			name = Release;
		};
/* End XCBuildConfiguration section */

/* Begin XCConfigurationList section */
		3F07A71D2275227D00F79861 /* Build configuration list for PBXProject "FavouriteThings" */ = {
			isa = XCConfigurationList;
			buildConfigurations = (
				3F07A7322275227E00F79861 /* Debug */,
				3F07A7332275227E00F79861 /* Release */,
			);
			defaultConfigurationIsVisible = 0;
			defaultConfigurationName = Release;
		};
		3F07A7342275227E00F79861 /* Build configuration list for PBXNativeTarget "FavouriteThings" */ = {
			isa = XCConfigurationList;
			buildConfigurations = (
				3F07A7352275227E00F79861 /* Debug */,
				3F07A7362275227E00F79861 /* Release */,
			);
			defaultConfigurationIsVisible = 0;
			defaultConfigurationName = Release;
		};
/* End XCConfigurationList section */
	};
	rootObject = 3F07A71A2275227D00F79861 /* Project object */;
}
